
Microsoft Visual Studio Solution File, Format Version 12.00
# Visual Studio 15
VisualStudioVersion = 15.0.28307.329
MinimumVisualStudioVersion = 10.0.40219.1
Project("{FAE04EC0-301F-11D3-BF4B-00C04F79EFBC}") = "Dashboard", "Dashboard\Dashboard.csproj", "{025FC36A-C7A6-433E-9506-FC14E262841C}"
EndProject
Project("{FAE04EC0-301F-11D3-BF4B-00C04F79EFBC}") = "DashboardLib", "DashboardLib\DashboardLib.csproj", "{9BD264C7-61FC-4BA1-B566-47FF7FBFD62D}"
EndProject
Global
	GlobalSection(SolutionConfigurationPlatforms) = preSolution
		Debug|Any CPU = Debug|Any CPU
		Debug|ARM = Debug|ARM
		Debug|ARM64 = Debug|ARM64
		Debug|x64 = Debug|x64
		Debug|x86 = Debug|x86
		Release|Any CPU = Release|Any CPU
		Release|ARM = Release|ARM
		Release|ARM64 = Release|ARM64
		Release|x64 = Release|x64
		Release|x86 = Release|x86
	EndGlobalSection
	GlobalSection(ProjectConfigurationPlatforms) = postSolution
		{025FC36A-C7A6-433E-9506-FC14E262841C}.Debug|Any CPU.ActiveCfg = Debug|x86
		{025FC36A-C7A6-433E-9506-FC14E262841C}.Debug|ARM.ActiveCfg = Debug|ARM
		{025FC36A-C7A6-433E-9506-FC14E262841C}.Debug|ARM.Build.0 = Debug|ARM
		{025FC36A-C7A6-433E-9506-FC14E262841C}.Debug|ARM.Deploy.0 = Debug|ARM
		{025FC36A-C7A6-433E-9506-FC14E262841C}.Debug|ARM64.ActiveCfg = Debug|ARM64
		{025FC36A-C7A6-433E-9506-FC14E262841C}.Debug|ARM64.Build.0 = Debug|ARM64
		{025FC36A-C7A6-433E-9506-FC14E262841C}.Debug|ARM64.Deploy.0 = Debug|ARM64
		{025FC36A-C7A6-433E-9506-FC14E262841C}.Debug|x64.ActiveCfg = Debug|x64
		{025FC36A-C7A6-433E-9506-FC14E262841C}.Debug|x64.Build.0 = Debug|x64
		{025FC36A-C7A6-433E-9506-FC14E262841C}.Debug|x64.Deploy.0 = Debug|x64
		{025FC36A-C7A6-433E-9506-FC14E262841C}.Debug|x86.ActiveCfg = Debug|x86
		{025FC36A-C7A6-433E-9506-FC14E262841C}.Debug|x86.Build.0 = Debug|x86
		{025FC36A-C7A6-433E-9506-FC14E262841C}.Debug|x86.Deploy.0 = Debug|x86
		{025FC36A-C7A6-433E-9506-FC14E262841C}.Release|Any CPU.ActiveCfg = Release|x86
		{025FC36A-C7A6-433E-9506-FC14E262841C}.Release|ARM.ActiveCfg = Release|ARM
		{025FC36A-C7A6-433E-9506-FC14E262841C}.Release|ARM.Build.0 = Release|ARM
		{025FC36A-C7A6-433E-9506-FC14E262841C}.Release|ARM.Deploy.0 = Release|ARM
		{025FC36A-C7A6-433E-9506-FC14E262841C}.Release|ARM64.ActiveCfg = Release|ARM64
		{025FC36A-C7A6-433E-9506-FC14E262841C}.Release|ARM64.Build.0 = Release|ARM64
		{025FC36A-C7A6-433E-9506-FC14E262841C}.Release|ARM64.Deploy.0 = Release|ARM64
		{025FC36A-C7A6-433E-9506-FC14E262841C}.Release|x64.ActiveCfg = Release|x64
		{025FC36A-C7A6-433E-9506-FC14E262841C}.Release|x64.Build.0 = Release|x64
		{025FC36A-C7A6-433E-9506-FC14E262841C}.Release|x64.Deploy.0 = Release|x64
		{025FC36A-C7A6-433E-9506-FC14E262841C}.Release|x86.ActiveCfg = Release|x86
		{025FC36A-C7A6-433E-9506-FC14E262841C}.Release|x86.Build.0 = Release|x86
		{025FC36A-C7A6-433E-9506-FC14E262841C}.Release|x86.Deploy.0 = Release|x86
		{9BD264C7-61FC-4BA1-B566-47FF7FBFD62D}.Debug|Any CPU.ActiveCfg = Debug|Any CPU
		{9BD264C7-61FC-4BA1-B566-47FF7FBFD62D}.Debug|Any CPU.Build.0 = Debug|Any CPU
		{9BD264C7-61FC-4BA1-B566-47FF7FBFD62D}.Debug|ARM.ActiveCfg = Debug|ARM
		{9BD264C7-61FC-4BA1-B566-47FF7FBFD62D}.Debug|ARM.Build.0 = Debug|ARM
		{9BD264C7-61FC-4BA1-B566-47FF7FBFD62D}.Debug|ARM64.ActiveCfg = Debug|ARM64
		{9BD264C7-61FC-4BA1-B566-47FF7FBFD62D}.Debug|ARM64.Build.0 = Debug|ARM64
		{9BD264C7-61FC-4BA1-B566-47FF7FBFD62D}.Debug|x64.ActiveCfg = Debug|x64
		{9BD264C7-61FC-4BA1-B566-47FF7FBFD62D}.Debug|x64.Build.0 = Debug|x64
		{9BD264C7-61FC-4BA1-B566-47FF7FBFD62D}.Debug|x86.ActiveCfg = Debug|x86
		{9BD264C7-61FC-4BA1-B566-47FF7FBFD62D}.Debug|x86.Build.0 = Debug|x86
		{9BD264C7-61FC-4BA1-B566-47FF7FBFD62D}.Release|Any CPU.ActiveCfg = Release|Any CPU
		{9BD264C7-61FC-4BA1-B566-47FF7FBFD62D}.Release|Any CPU.Build.0 = Release|Any CPU
		{9BD264C7-61FC-4BA1-B566-47FF7FBFD62D}.Release|ARM.ActiveCfg = Release|ARM
		{9BD264C7-61FC-4BA1-B566-47FF7FBFD62D}.Release|ARM.Build.0 = Release|ARM
		{9BD264C7-61FC-4BA1-B566-47FF7FBFD62D}.Release|ARM64.ActiveCfg = Release|ARM64
		{9BD264C7-61FC-4BA1-B566-47FF7FBFD62D}.Release|ARM64.Build.0 = Release|ARM64
		{9BD264C7-61FC-4BA1-B566-47FF7FBFD62D}.Release|x64.ActiveCfg = Release|x64
		{9BD264C7-61FC-4BA1-B566-47FF7FBFD62D}.Release|x64.Build.0 = Release|x64
		{9BD264C7-61FC-4BA1-B566-47FF7FBFD62D}.Release|x86.ActiveCfg = Release|x86
		{9BD264C7-61FC-4BA1-B566-47FF7FBFD62D}.Release|x86.Build.0 = Release|x86
	EndGlobalSection
	GlobalSection(SolutionProperties) = preSolution
		HideSolutionNode = FALSE
	EndGlobalSection
	GlobalSection(ExtensibilityGlobals) = postSolution
		SolutionGuid = {06180F6A-3973-4547-A400-A6D23125CE37}
	EndGlobalSection
EndGlobal
